
Microsoft Visual Studio Solution File, Format Version 12.00
# Visual Studio Version 16
VisualStudioVersion = 16.0.29209.62
MinimumVisualStudioVersion = 10.0.40219.1
Project("{9A19103F-16F7-4668-BE54-9A1E7A4F7556}") = "MassTransitConsole", "MassTransitConsole\MassTransitConsole.csproj", "{28E51787-E600-41B1-B195-C57F1EFAF172}"
EndProject
Project("{FAE04EC0-301F-11D3-BF4B-00C04F79EFBC}") = "MassTransitReceiver", "MassTransitReceiver\MassTransitReceiver.csproj", "{311AD122-9D57-4475-AE5A-084E7FAD0AEC}"
EndProject
Global
	GlobalSection(SolutionConfigurationPlatforms) = preSolution
		Debug|Any CPU = Debug|Any CPU
		Release|Any CPU = Release|Any CPU
	EndGlobalSection
	GlobalSection(ProjectConfigurationPlatforms) = postSolution
		{28E51787-E600-41B1-B195-C57F1EFAF172}.Debug|Any CPU.ActiveCfg = Debug|Any CPU
		{28E51787-E600-41B1-B195-C57F1EFAF172}.Debug|Any CPU.Build.0 = Debug|Any CPU
		{28E51787-E600-41B1-B195-C57F1EFAF172}.Release|Any CPU.ActiveCfg = Release|Any CPU
		{28E51787-E600-41B1-B195-C57F1EFAF172}.Release|Any CPU.Build.0 = Release|Any CPU
		{311AD122-9D57-4475-AE5A-084E7FAD0AEC}.Debug|Any CPU.ActiveCfg = Debug|Any CPU
		{311AD122-9D57-4475-AE5A-084E7FAD0AEC}.Debug|Any CPU.Build.0 = Debug|Any CPU
		{311AD122-9D57-4475-AE5A-084E7FAD0AEC}.Release|Any CPU.ActiveCfg = Release|Any CPU
		{311AD122-9D57-4475-AE5A-084E7FAD0AEC}.Release|Any CPU.Build.0 = Release|Any CPU
	EndGlobalSection
	GlobalSection(SolutionProperties) = preSolution
		HideSolutionNode = FALSE
	EndGlobalSection
	GlobalSection(ExtensibilityGlobals) = postSolution
		SolutionGuid = {1E0A468B-214F-47E3-833D-6BE5546D3067}
	EndGlobalSection
EndGlobal
